
Microsoft Visual Studio Solution File, Format Version 12.00
# Visual Studio Version 17
VisualStudioVersion = 17.9.34407.89
MinimumVisualStudioVersion = 10.0.40219.1
Project("{FAE04EC0-301F-11D3-BF4B-00C04F79EFBC}") = "ABC Car Traders", "ABC Car Traders\ABC Car Traders.csproj", "{F37F9CB8-B8E4-4A98-97BD-8087BD4DDBBA}"
EndProject
Global
	GlobalSection(SolutionConfigurationPlatforms) = preSolution
		Debug|Any CPU = Debug|Any CPU
		Release|Any CPU = Release|Any CPU
	EndGlobalSection
	GlobalSection(ProjectConfigurationPlatforms) = postSolution
		{F37F9CB8-B8E4-4A98-97BD-8087BD4DDBBA}.Debug|Any CPU.ActiveCfg = Debug|Any CPU
		{F37F9CB8-B8E4-4A98-97BD-8087BD4DDBBA}.Debug|Any CPU.Build.0 = Debug|Any CPU
		{F37F9CB8-B8E4-4A98-97BD-8087BD4DDBBA}.Release|Any CPU.ActiveCfg = Release|Any CPU
		{F37F9CB8-B8E4-4A98-97BD-8087BD4DDBBA}.Release|Any CPU.Build.0 = Release|Any CPU
	EndGlobalSection
	GlobalSection(SolutionProperties) = preSolution
		HideSolutionNode = FALSE
	EndGlobalSection
	GlobalSection(ExtensibilityGlobals) = postSolution
		SolutionGuid = {824D5F30-1F6B-454E-A54C-38CF30873F79}
	EndGlobalSection
EndGlobal
